
Microsoft Visual Studio Solution File, Format Version 12.00
# Visual Studio 2015
Project("{FAE04EC0-301F-11D3-BF4B-00C04F79EFBC}") = "Infinity Gauntlet", "Infinity Gauntlet.csproj", "{286EFE08-EE9D-5816-7554-E0BA819FCDF3}"
EndProject
Global
	GlobalSection(SolutionConfigurationPlatforms) = preSolution
		Debug|Any CPU = Debug|Any CPU
		Release|Any CPU = Release|Any CPU
	EndGlobalSection
	GlobalSection(ProjectConfigurationPlatforms) = postSolution
		{286EFE08-EE9D-5816-7554-E0BA819FCDF3}.Debug|Any CPU.ActiveCfg = Debug|Any CPU
		{286EFE08-EE9D-5816-7554-E0BA819FCDF3}.Debug|Any CPU.Build.0 = Debug|Any CPU
		{286EFE08-EE9D-5816-7554-E0BA819FCDF3}.Release|Any CPU.ActiveCfg = Release|Any CPU
		{286EFE08-EE9D-5816-7554-E0BA819FCDF3}.Release|Any CPU.Build.0 = Release|Any CPU
	EndGlobalSection
	GlobalSection(SolutionProperties) = preSolution
		HideSolutionNode = FALSE
	EndGlobalSection
EndGlobal
